
Microsoft Visual Studio Solution File, Format Version 12.00
# Visual Studio Version 17
VisualStudioVersion = 17.3.32901.215
MinimumVisualStudioVersion = 10.0.40219.1
Project("{FAE04EC0-301F-11D3-BF4B-00C04F79EFBC}") = "test wpf", "test wpf\test wpf.csproj", "{D92ED1F2-F9DF-4569-80DB-CD9CB05DCE50}"
EndProject
Global
	GlobalSection(SolutionConfigurationPlatforms) = preSolution
		Debug|Any CPU = Debug|Any CPU
		Release|Any CPU = Release|Any CPU
	EndGlobalSection
	GlobalSection(ProjectConfigurationPlatforms) = postSolution
		{D92ED1F2-F9DF-4569-80DB-CD9CB05DCE50}.Debug|Any CPU.ActiveCfg = Debug|Any CPU
		{D92ED1F2-F9DF-4569-80DB-CD9CB05DCE50}.Debug|Any CPU.Build.0 = Debug|Any CPU
		{D92ED1F2-F9DF-4569-80DB-CD9CB05DCE50}.Release|Any CPU.ActiveCfg = Release|Any CPU
		{D92ED1F2-F9DF-4569-80DB-CD9CB05DCE50}.Release|Any CPU.Build.0 = Release|Any CPU
	EndGlobalSection
	GlobalSection(SolutionProperties) = preSolution
		HideSolutionNode = FALSE
	EndGlobalSection
	GlobalSection(ExtensibilityGlobals) = postSolution
		SolutionGuid = {6043C989-A137-4D7E-A5FA-AA69BFA5E867}
	EndGlobalSection
EndGlobal
